{
    "_meta": {
        "hash": {
            "sha256": "c12cca27bfee8bd39988243fec2a232d046927b74f8e28671cb1c4726acd0bbf"
        },
        "pipfile-spec": 6,
        "requires": {
            "python_version": "3.9"
        },
        "sources": [
            {
                "name": "pypi",
                "url": "https://pypi.org/simple",
                "verify_ssl": true
            }
        ]
    },
    "default": {
        "certifi": {
            "hashes": [
                "sha256:35824b4c3a97115964b408844d64aa14db1cc518f6562e8d7261699d1350a9e3",
                "sha256:4ad3232f5e926d6718ec31cfc1fcadfde020920e278684144551c91769c7bc18"
            ],
            "markers": "python_version >= '3.6'",
            "version": "==2022.12.7"
        },
        "charset-normalizer": {
            "hashes": [
                "sha256:04afa6387e2b282cf78ff3dbce20f0cc071c12dc8f685bd40960cc68644cfea6",
                "sha256:04eefcee095f58eaabe6dc3cc2262f3bcd776d2c67005880894f447b3f2cb9c1",
                "sha256:0be65ccf618c1e7ac9b849c315cc2e8a8751d9cfdaa43027d4f6624bd587ab7e",
                "sha256:0c95f12b74681e9ae127728f7e5409cbbef9cd914d5896ef238cc779b8152373",
                "sha256:0ca564606d2caafb0abe6d1b5311c2649e8071eb241b2d64e75a0d0065107e62",
                "sha256:10c93628d7497c81686e8e5e557aafa78f230cd9e77dd0c40032ef90c18f2230",
                "sha256:11d117e6c63e8f495412d37e7dc2e2fff09c34b2d09dbe2bee3c6229577818be",
                "sha256:11d3bcb7be35e7b1bba2c23beedac81ee893ac9871d0ba79effc7fc01167db6c",
                "sha256:12a2b561af122e3d94cdb97fe6fb2bb2b82cef0cdca131646fdb940a1eda04f0",
                "sha256:12d1a39aa6b8c6f6248bb54550efcc1c38ce0d8096a146638fd4738e42284448",
                "sha256:1435ae15108b1cb6fffbcea2af3d468683b7afed0169ad718451f8db5d1aff6f",
                "sha256:1c60b9c202d00052183c9be85e5eaf18a4ada0a47d188a83c8f5c5b23252f649",
                "sha256:1e8fcdd8f672a1c4fc8d0bd3a2b576b152d2a349782d1eb0f6b8e52e9954731d",
                "sha256:20064ead0717cf9a73a6d1e779b23d149b53daf971169289ed2ed43a71e8d3b0",
                "sha256:21fa558996782fc226b529fdd2ed7866c2c6ec91cee82735c98a197fae39f706",
                "sha256:22908891a380d50738e1f978667536f6c6b526a2064156203d418f4856d6e86a",
                "sha256:3160a0fd9754aab7d47f95a6b63ab355388d890163eb03b2d2b87ab0a30cfa59",
                "sha256:322102cdf1ab682ecc7d9b1c5eed4ec59657a65e1c146a0da342b78f4112db23",
                "sha256:34e0a2f9c370eb95597aae63bf85eb5e96826d81e3dcf88b8886012906f509b5",
                "sha256:3573d376454d956553c356df45bb824262c397c6e26ce43e8203c4c540ee0acb",
                "sha256:3747443b6a904001473370d7810aa19c3a180ccd52a7157aacc264a5ac79265e",
                "sha256:38e812a197bf8e71a59fe55b757a84c1f946d0ac114acafaafaf21667a7e169e",
                "sha256:3a06f32c9634a8705f4ca9946d667609f52cf130d5548881401f1eb2c39b1e2c",
                "sha256:3a5fc78f9e3f501a1614a98f7c54d3969f3ad9bba8ba3d9b438c3bc5d047dd28",
                "sha256:3d9098b479e78c85080c98e1e35ff40b4a31d8953102bb0fd7d1b6f8a2111a3d",
                "sha256:3dc5b6a8ecfdc5748a7e429782598e4f17ef378e3e272eeb1340ea57c9109f41",
                "sha256:4155b51ae05ed47199dc5b2a4e62abccb274cee6b01da5b895099b61b1982974",
                "sha256:49919f8400b5e49e961f320c735388ee686a62327e773fa5b3ce6721f7e785ce",
                "sha256:53d0a3fa5f8af98a1e261de6a3943ca631c526635eb5817a87a59d9a57ebf48f",
                "sha256:5f008525e02908b20e04707a4f704cd286d94718f48bb33edddc7d7b584dddc1",
                "sha256:628c985afb2c7d27a4800bfb609e03985aaecb42f955049957814e0491d4006d",
                "sha256:65ed923f84a6844de5fd29726b888e58c62820e0769b76565480e1fdc3d062f8",
                "sha256:6734e606355834f13445b6adc38b53c0fd45f1a56a9ba06c2058f86893ae8017",
                "sha256:6baf0baf0d5d265fa7944feb9f7451cc316bfe30e8df1a61b1bb08577c554f31",
                "sha256:6f4f4668e1831850ebcc2fd0b1cd11721947b6dc7c00bf1c6bd3c929ae14f2c7",
                "sha256:6f5c2e7bc8a4bf7c426599765b1bd33217ec84023033672c1e9a8b35eaeaaaf8",
                "sha256:6f6c7a8a57e9405cad7485f4c9d3172ae486cfef1344b5ddd8e5239582d7355e",
                "sha256:7381c66e0561c5757ffe616af869b916c8b4e42b367ab29fedc98481d1e74e14",
                "sha256:73dc03a6a7e30b7edc5b01b601e53e7fc924b04e1835e8e407c12c037e81adbd",
                "sha256:74db0052d985cf37fa111828d0dd230776ac99c740e1a758ad99094be4f1803d",
                "sha256:75f2568b4189dda1c567339b48cba4ac7384accb9c2a7ed655cd86b04055c795",
                "sha256:78cacd03e79d009d95635e7d6ff12c21eb89b894c354bd2b2ed0b4763373693b",
                "sha256:80d1543d58bd3d6c271b66abf454d437a438dff01c3e62fdbcd68f2a11310d4b",
                "sha256:830d2948a5ec37c386d3170c483063798d7879037492540f10a475e3fd6f244b",
                "sha256:891cf9b48776b5c61c700b55a598621fdb7b1e301a550365571e9624f270c203",
                "sha256:8f25e17ab3039b05f762b0a55ae0b3632b2e073d9c8fc88e89aca31a6198e88f",
                "sha256:9a3267620866c9d17b959a84dd0bd2d45719b817245e49371ead79ed4f710d19",
                "sha256:a04f86f41a8916fe45ac5024ec477f41f886b3c435da2d4e3d2709b22ab02af1",
                "sha256:aaf53a6cebad0eae578f062c7d462155eada9c172bd8c4d250b8c1d8eb7f916a",
                "sha256:abc1185d79f47c0a7aaf7e2412a0eb2c03b724581139193d2d82b3ad8cbb00ac",
                "sha256:ac0aa6cd53ab9a31d397f8303f92c42f534693528fafbdb997c82bae6e477ad9",
                "sha256:ac3775e3311661d4adace3697a52ac0bab17edd166087d493b52d4f4f553f9f0",
                "sha256:b06f0d3bf045158d2fb8837c5785fe9ff9b8c93358be64461a1089f5da983137",
                "sha256:b116502087ce8a6b7a5f1814568ccbd0e9f6cfd99948aa59b0e241dc57cf739f",
                "sha256:b82fab78e0b1329e183a65260581de4375f619167478dddab510c6c6fb04d9b6",
                "sha256:bd7163182133c0c7701b25e604cf1611c0d87712e56e88e7ee5d72deab3e76b5",
                "sha256:c36bcbc0d5174a80d6cccf43a0ecaca44e81d25be4b7f90f0ed7bcfbb5a00909",
                "sha256:c3af8e0f07399d3176b179f2e2634c3ce9c1301379a6b8c9c9aeecd481da494f",
                "sha256:c84132a54c750fda57729d1e2599bb598f5fa0344085dbde5003ba429a4798c0",
                "sha256:cb7b2ab0188829593b9de646545175547a70d9a6e2b63bf2cd87a0a391599324",
                "sha256:cca4def576f47a09a943666b8f829606bcb17e2bc2d5911a46c8f8da45f56755",
                "sha256:cf6511efa4801b9b38dc5546d7547d5b5c6ef4b081c60b23e4d941d0eba9cbeb",
                "sha256:d16fd5252f883eb074ca55cb622bc0bee49b979ae4e8639fff6ca3ff44f9f854",
                "sha256:d2686f91611f9e17f4548dbf050e75b079bbc2a82be565832bc8ea9047b61c8c",
                "sha256:d7fc3fca01da18fbabe4625d64bb612b533533ed10045a2ac3dd194bfa656b60",
                "sha256:dd5653e67b149503c68c4018bf07e42eeed6b4e956b24c00ccdf93ac79cdff84",
                "sha256:de5695a6f1d8340b12a5d6d4484290ee74d61e467c39ff03b39e30df62cf83a0",
                "sha256:e0ac8959c929593fee38da1c2b64ee9778733cdf03c482c9ff1d508b6b593b2b",
                "sha256:e1b25e3ad6c909f398df8921780d6a3d120d8c09466720226fc621605b6f92b1",
                "sha256:e633940f28c1e913615fd624fcdd72fdba807bf53ea6925d6a588e84e1151531",
                "sha256:e89df2958e5159b811af9ff0f92614dabf4ff617c03a4c1c6ff53bf1c399e0e1",
                "sha256:ea9f9c6034ea2d93d9147818f17c2a0860d41b71c38b9ce4d55f21b6f9165a11",
                "sha256:f645caaf0008bacf349875a974220f1f1da349c5dbe7c4ec93048cdc785a3326",
                "sha256:f8303414c7b03f794347ad062c0516cee0e15f7a612abd0ce1e25caf6ceb47df",
                "sha256:fca62a8301b605b954ad2e9c3666f9d97f63872aa4efcae5492baca2056b74ab"
            ],
            "markers": "python_full_version >= '3.7.0'",
            "version": "==3.1.0"
        },
        "click": {
            "hashes": [
                "sha256:d2b5255c7c6349bc1bd1e59e08cd12acbbd63ce649f2588755783aa94dfb6b1a",
                "sha256:dacca89f4bfadd5de3d7489b7c8a566eee0d3676333fbb50030263894c38c0dc"
            ],
            "index": "pypi",
            "version": "==7.1.2"
        },
        "fastapi": {
            "hashes": [
                "sha256:63c4592f5ef3edf30afa9a44fa7c6b7ccb20e0d3f68cd9eba07b44d552058dcb",
                "sha256:98d8ea9591d8512fdadf255d2a8fa56515cdd8624dca4af369da73727409508e"
            ],
            "index": "pypi",
            "version": "==0.63.0"
        },
        "gunicorn": {
            "hashes": [
                "sha256:9dcc4547dbb1cb284accfb15ab5667a0e5d1881cc443e0677b4882a4067a807e",
                "sha256:e0a968b5ba15f8a328fdfd7ab1fcb5af4470c28aaf7e55df02a99bc13138e6e8"
            ],
            "index": "pypi",
            "version": "==20.1.0"
        },
        "h11": {
            "hashes": [
                "sha256:36a3cb8c0a032f56e2da7084577878a035d3b61d104230d4bd49c0c6b555a9c6",
                "sha256:47222cb6067e4a307d535814917cd98fd0a57b6788ce715755fa2b6c28b56042"
            ],
            "index": "pypi",
            "version": "==0.12.0"
        },
        "idna": {
            "hashes": [
                "sha256:814f528e8dead7d329833b91c5faa87d60bf71824cd12a7530b5526063d02cb4",
                "sha256:90b77e79eaa3eba6de819a0c442c0b4ceefc341a7a2ab77d7562bf49f425c5c2"
            ],
            "markers": "python_version >= '3.5'",
            "version": "==3.4"
        },
        "pydantic": {
            "hashes": [
                "sha256:0c40162796fc8d0aa744875b60e4dc36834db9f2a25dbf9ba9664b1915a23850",
                "sha256:20d42f1be7c7acc352b3d09b0cf505a9fab9deb93125061b376fbe1f06a5459f",
                "sha256:2287ebff0018eec3cc69b1d09d4b7cebf277726fa1bd96b45806283c1d808683",
                "sha256:258576f2d997ee4573469633592e8b99aa13bda182fcc28e875f866016c8e07e",
                "sha256:26cf3cb2e68ec6c0cfcb6293e69fb3450c5fd1ace87f46b64f678b0d29eac4c3",
                "sha256:2f2736d9a996b976cfdfe52455ad27462308c9d3d0ae21a2aa8b4cd1a78f47b9",
                "sha256:3114d74329873af0a0e8004627f5389f3bb27f956b965ddd3e355fe984a1789c",
                "sha256:3bbd023c981cbe26e6e21c8d2ce78485f85c2e77f7bab5ec15b7d2a1f491918f",
                "sha256:3bcb9d7e1f9849a6bdbd027aabb3a06414abd6068cb3b21c49427956cce5038a",
                "sha256:4bbc47cf7925c86a345d03b07086696ed916c7663cb76aa409edaa54546e53e2",
                "sha256:6388ef4ef1435364c8cc9a8192238aed030595e873d8462447ccef2e17387125",
                "sha256:830ef1a148012b640186bf4d9789a206c56071ff38f2460a32ae67ca21880eb8",
                "sha256:8fbb677e4e89c8ab3d450df7b1d9caed23f254072e8597c33279460eeae59b99",
                "sha256:c17a0b35c854049e67c68b48d55e026c84f35593c66d69b278b8b49e2484346f",
                "sha256:dd4888b300769ecec194ca8f2699415f5f7760365ddbe243d4fd6581485fa5f0",
                "sha256:dde4ca368e82791de97c2ec019681ffb437728090c0ff0c3852708cf923e0c7d",
                "sha256:e3f8790c47ac42549dc8b045a67b0ca371c7f66e73040d0197ce6172b385e520",
                "sha256:e8bc082afef97c5fd3903d05c6f7bb3a6af9fc18631b4cc9fedeb4720efb0c58",
                "sha256:eb8ccf12295113ce0de38f80b25f736d62f0a8d87c6b88aca645f168f9c78771",
                "sha256:fb77f7a7e111db1832ae3f8f44203691e15b1fa7e5a1cb9691d4e2659aee41c4",
                "sha256:fbfb608febde1afd4743c6822c19060a8dbdd3eb30f98e36061ba4973308059e",
                "sha256:fff29fe54ec419338c522b908154a2efabeee4f483e48990f87e189661f31ce3"
            ],
            "index": "pypi",
            "version": "==1.8.1"
        },
        "pymssql": {
            "hashes": [
                "sha256:016d1f903b0bd9a7f094712668bcf9fa86ef305fba4b933d182c152043706191",
                "sha256:045029bed7cea6fcbc630e18f956f7ec6d1bde25c570019ff1f8f0e2b9abd5f0",
                "sha256:084a1573a5e4a10e7ad6e978f98ad3cc9704fc844beec4275aab1ff691533712",
                "sha256:0da65a89c95dc6336281c6a84f67abece9d50350dfd9b1c574b04aeb7148967d",
                "sha256:0dbb905655f5976b94b6f899d4675ffdd460e7cb5516fba332cf0d77c15c2e9e",
                "sha256:16a281b556975d4c79cad6d41e902aba32017351aebfa4ede30581e00e89b1c1",
                "sha256:18b611ee72c5f4095cd8e942047982e92ab4d2d2ce5a457b85ef03bb8e385e7e",
                "sha256:1b723fccf11caf57cb44051e83955f170d2cad8ad931cbb4ab97d263691c4bd5",
                "sha256:1c0b7ed54b38ba2a59695dd9d0adba6a144ac37de459d514668b18e45f5a232d",
                "sha256:1fc8a4b7d1a4146db70b5fbec3511bcfccb7b34d22a2aba89427bf55f8e44e23",
                "sha256:25c330fab365174a29f7b5d77b03c05836ee3d39e135fad7d66380b5d5b99911",
                "sha256:26eb3bb6f4b6a57e2f7e2639179914aa5c962522ccd68f5aecb0190e8d34893f",
                "sha256:28151def07dc86e3b44dc0759ce130e56ebbab17b41c01458fc217678eccce31",
                "sha256:2a8b1b903527f0f8c287582bfe01b28180f173583b8501914c1134659ead3c1d",
                "sha256:2b0415e6063b06234921d2d7d2b226cc68d197976f05b1547555ebfb3c446d01",
                "sha256:2ce4f9fd604b9c7f9efad56afb3dcb2331c3c87bada172388f69d91297f20939",
                "sha256:2d97127604bfde669cfc6e14f03536925e1a446d2bf4b7f3c7d671be07801361",
                "sha256:3067423fb4cbf476c8d465fe5b7f081d3508524c1f4907b961a4c69af4280454",
                "sha256:319e0dabd35ddb3e20798e4dc1ed6a8f8038101deafd7aabf531c0c6eaedeb5d",
                "sha256:429491158fbee5309bd18b15d6fb29ad986b91afef4d05db5640fa7206d0d338",
                "sha256:4306f74b4b19acc367b4bf6afb5ef961d35362f416622ae24a73035f75cfcdee",
                "sha256:46271abb5a657004c220a4675f4365978e1b67e826de5b98a2c06855e9816e17",
                "sha256:4aa12c836c307c80c1148eb190362bbbe178abc311e6715316b9950327af7a14",
                "sha256:4c9b337972377cabe4782e3cb4fae95b328305b0815392004a330314f3441fd8",
                "sha256:4dbe67d60472e18d01bcfba139f404f017ab9e9bd1b558d527befbb47dbd6486",
                "sha256:4dd8ae8b5bc7dd78af8b886721c9b586b5269fea4f0e425c64ee2444356cb292",
                "sha256:51855d2f63e20f4d2ed6986d0f10cc03f341f959638e60d041a1ddb5a95d00fd",
                "sha256:56916753f74ffa1e3b89483ce529ba13fd42944636558099b173b5343815fb0e",
                "sha256:597563146e4ab088ee907c836075b9300541c16eef9791f4fbdfe6100894d512",
                "sha256:5ce2089b5b88a56eb599118b4f9a1b119e9056e85f8c6cb3002e44493181dd76",
                "sha256:628611bc8cab379f8353ad29b93a07162254c9b75efb5fe5255ac855a8d3abe4",
                "sha256:6cd3ee322daf8fcbb6e58deb21daa4adceea658e433eef3d3cae8c5be5049086",
                "sha256:6ed58a251e3aaffe4c731adad7d1468593dcd45f19375f1501f2bf8a54e1e355",
                "sha256:6f873e481f7175bed246f756e250778ca723e52ec14bd9cb2bb0cfaeea237868",
                "sha256:70260e05717cd6d72a622ee29d06375fa44d58fe825d4964a63344ae34d80223",
                "sha256:7099e45e91460ffec10e551830c722c27f207a41fd2267446a9b1a798e89d3bc",
                "sha256:78884588abfc44e99e3eaec46e19f5b08854af66eae9719a87a63b4645cf49b1",
                "sha256:7e9a277352a5a081a20107e112c7b820ecb76c2320779d1fc15b783110a2c1f5",
                "sha256:83ee4914bacecc715fcdb3cc22aedc8d9bf22f62e75802799fe9773b718fd41b",
                "sha256:8d8a13e89483891afabf67211453eab7c8d5f73379ed77c21160a672d3a818fb",
                "sha256:8fe96bcbb26e7603ef63696f59fa19364c793aab25f2b606dc04d50917c7b35f",
                "sha256:97760db6df17327ebedd58a93d7cd5c2c453faa517bc9bdfbe19ad1ff66b96a5",
                "sha256:9a5a554af18e803a2532a8232817b0904cb7cb6d8c1a1cf716fe6a5f568a1111",
                "sha256:9a883def0ded86dc93cdb45dcbe924f79bd141e6bc39975d6077f88e156f3741",
                "sha256:9bfb8f04b26d398f2fb7741733a33c7cfe418bbbf922703e5c4c409e86891785",
                "sha256:9eeff70c3af730fee19406dda11a7cef0e70e397d53f7c2edb13bd11d8e3b1b5",
                "sha256:a061af4df57863abee1a8a87cad357f660294e038ef9a3375e258c10f982164c",
                "sha256:a9a40bf77792532fe643ee07ae0de930f6386c8593348baef07d76d1b2f48967",
                "sha256:aa413e4fa34c53b6cfaaf294ca9070bbce1c52e5b284b35ce8e2bfbfaeae9d96",
                "sha256:ad3c2e67fd04fb860ffb3affd068e109ef92488a74274347235df45664de4a27",
                "sha256:bbf6717d85b62b95b9c96f3dd12166297dc9cef4f0887534d62c6a00c85bba4e",
                "sha256:bf4640b04663e0296d8562ba835bd8636ca763495ece0fc023a2192adcfacdb2",
                "sha256:c42a03cab7edd2bf6c4e075a9f1f7252151a4022216d7c85af4e4e4751f3bb14",
                "sha256:c638398a023471ebde4774e2f8e5237bed07e7f934c4142c6d8e63ed42a86db1",
                "sha256:cfa2bf7b8f7f462f72b2fa78b7753fc6c86a660dbea57d663993716afbb05072",
                "sha256:d84a0fe84dda22dd50efd9ef9f68349a9df88edeb1c719e1545961e7bb74c27c",
                "sha256:e06e6c189821fe259764dd8c61551ebcc2e5ec3752d06f850e79b520c2e92998",
                "sha256:e6116a0389939bba789fb3fccdd976773cfce7d9cc48bf2eb933cdc2c8ce2b19",
                "sha256:ec7889c696f2cc27d17af86e21062d032d795bf81e48802820a69cfeb740667c",
                "sha256:f26de948303c2146089c1a5f8c4c5c46e6fd21b8b6b550c19c1f056d87ab112d",
                "sha256:ff95b910532ec7b02e4322231c117d3d6af0abab667e6fbf15442db873943045"
            ],
            "index": "pypi",
            "version": "==2.2.7"
        },
        "requests": {
            "hashes": [
                "sha256:64299f4909223da747622c030b781c0d7811e359c37124b4bd368fb8c6518baa",
                "sha256:98b1b2782e3c6c4904938b84c0eb932721069dfdb9134313beff7c83c2df24bf"
            ],
            "index": "pypi",
            "version": "==2.28.2"
        },
        "setuptools": {
            "hashes": [
                "sha256:2ee892cd5f29f3373097f5a814697e397cf3ce313616df0af11231e2ad118077",
                "sha256:b78aaa36f6b90a074c1fa651168723acbf45d14cb1196b6f02c0fd07f17623b2"
            ],
            "markers": "python_version >= '3.7'",
            "version": "==67.6.0"
        },
        "starlette": {
            "hashes": [
                "sha256:bd2ffe5e37fb75d014728511f8e68ebf2c80b0fa3d04ca1479f4dc752ae31ac9",
                "sha256:ebe8ee08d9be96a3c9f31b2cb2a24dbdf845247b745664bd8a3f9bd0c977fdbc"
            ],
            "index": "pypi",
            "version": "==0.13.6"
        },
        "typing-extensions": {
            "hashes": [
                "sha256:7cb407020f00f7bfc3cb3e7881628838e69d8f3fcab2f64742a5e76b2f841918",
                "sha256:99d4073b617d30288f569d3f13d2bd7548c3a7e4c8de87db09a9d29bb3a4a60c",
                "sha256:dafc7639cde7f1b6e1acc0f457842a83e722ccca8eef5270af2d74792619a89f"
            ],
            "index": "pypi",
            "version": "==3.7.4.3"
        },
        "urllib3": {
            "hashes": [
                "sha256:076907bf8fd355cde77728471316625a4d2f7e713c125f51953bb5b3eecf4f72",
                "sha256:75edcdc2f7d85b137124a6c3c9fc3933cdeaa12ecb9a6a959f22797a0feca7e1"
            ],
            "markers": "python_version >= '2.7' and python_version not in '3.0, 3.1, 3.2, 3.3, 3.4, 3.5'",
            "version": "==1.26.14"
        },
        "uvicorn": {
            "hashes": [
                "sha256:a4e12017b940247f836bc90b72e725d7dfd0c8ed1c51eb365f5ba30d9f5127d8",
                "sha256:c3ed1598a5668208723f2bb49336f4509424ad198d6ab2615b7783db58d919fd"
            ],
            "index": "pypi",
            "version": "==0.20.0"
        }
    },
    "develop": {}
}
